{
  "name": "bookplusplus",
  "lockfileVersion": 3,
  "requires": true,
  "packages": {
    "": {
      "dependencies": {
        "react-konva": "^19.0.7"
      }
    },
    "node_modules/@types/react": {
      "version": "19.1.10",
      "resolved": "https://registry.npmjs.org/@types/react/-/react-19.1.10.tgz",
      "integrity": "sha512-EhBeSYX0Y6ye8pNebpKrwFJq7BoQ8J5SO6NlvNwwHjSj6adXJViPQrKlsyPw7hLBLvckEMO1yxeGdR82YBBlDg==",
      "license": "MIT",
      "peer": true,
      "dependencies": {
        "csstype": "^3.0.2"
      }
    },
    "node_modules/@types/react-reconciler": {
      "version": "0.32.0",
      "resolved": "https://registry.npmjs.org/@types/react-reconciler/-/react-reconciler-0.32.0.tgz",
      "integrity": "sha512-+WHarFkJevhH1s655qeeSEf/yxFST0dVRsmSqUgxG8mMOKqycgYBv2wVpyubBY7MX8KiX5FQ03rNIwrxfm7Bmw==",
      "license": "MIT",
      "peerDependencies": {
        "@types/react": "*"
      }
    },
    "node_modules/csstype": {
      "version": "3.1.3",
      "resolved": "https://registry.npmjs.org/csstype/-/csstype-3.1.3.tgz",
      "integrity": "sha512-M1uQkMl8rQK/szD0LNhtqxIPLpimGm8sOBwU7lLnCpSbTyY3yeU1Vc7l4KT5zT4s/yOxHH5O7tIuuLOCnLADRw==",
      "license": "MIT",
      "peer": true
    },
    "node_modules/its-fine": {
      "version": "2.0.0",
      "resolved": "https://registry.npmjs.org/its-fine/-/its-fine-2.0.0.tgz",
      "integrity": "sha512-KLViCmWx94zOvpLwSlsx6yOCeMhZYaxrJV87Po5k/FoZzcPSahvK5qJ7fYhS61sZi5ikmh2S3Hz55A2l3U69ng==",
      "license": "MIT",
      "dependencies": {
        "@types/react-reconciler": "^0.28.9"
      },
      "peerDependencies": {
        "react": "^19.0.0"
      }
    },
    "node_modules/its-fine/node_modules/@types/react-reconciler": {
      "version": "0.28.9",
      "resolved": "https://registry.npmjs.org/@types/react-reconciler/-/react-reconciler-0.28.9.tgz",
      "integrity": "sha512-HHM3nxyUZ3zAylX8ZEyrDNd2XZOnQ0D5XfunJF5FLQnZbHHYq4UWvW1QfelQNXv1ICNkwYhfxjwfnqivYB6bFg==",
      "license": "MIT",
      "peerDependencies": {
        "@types/react": "*"
      }
    },
    "node_modules/konva": {
      "version": "9.3.22",
      "resolved": "https://registry.npmjs.org/konva/-/konva-9.3.22.tgz",
      "integrity": "sha512-yQI5d1bmELlD/fowuyfOp9ff+oamg26WOCkyqUyc+nczD/lhRa3EvD2MZOoc4c1293TAubW9n34fSQLgSeEgSw==",
      "funding": [
        {
          "type": "patreon",
          "url": "https://www.patreon.com/lavrton"
        },
        {
          "type": "opencollective",
          "url": "https://opencollective.com/konva"
        },
        {
          "type": "github",
          "url": "https://github.com/sponsors/lavrton"
        }
      ],
      "license": "MIT",
      "peer": true
    },
    "node_modules/react": {
      "version": "19.1.1",
      "resolved": "https://registry.npmjs.org/react/-/react-19.1.1.tgz",
      "integrity": "sha512-w8nqGImo45dmMIfljjMwOGtbmC/mk4CMYhWIicdSflH91J9TyCyczcPFXJzrZ/ZXcgGRFeP6BU0BEJTw6tZdfQ==",
      "license": "MIT",
      "peer": true,
      "engines": {
        "node": ">=0.10.0"
      }
    },
    "node_modules/react-dom": {
      "version": "19.1.1",
      "resolved": "https://registry.npmjs.org/react-dom/-/react-dom-19.1.1.tgz",
      "integrity": "sha512-Dlq/5LAZgF0Gaz6yiqZCf6VCcZs1ghAJyrsu84Q/GT0gV+mCxbfmKNoGRKBYMJ8IEdGPqu49YWXD02GCknEDkw==",
      "license": "MIT",
      "peer": true,
      "dependencies": {
        "scheduler": "^0.26.0"
      },
      "peerDependencies": {
        "react": "^19.1.1"
      }
    },
    "node_modules/react-konva": {
      "version": "19.0.7",
      "resolved": "https://registry.npmjs.org/react-konva/-/react-konva-19.0.7.tgz",
      "integrity": "sha512-uYWCpSv4ajLymTh8S8fV9396fHDX7eDTWiLGkYlBuawud5MoNiuGjapPhA5Avdy/Jfh9P2KaWuNf4i9PI1F9HQ==",
      "funding": [
        {
          "type": "patreon",
          "url": "https://www.patreon.com/lavrton"
        },
        {
          "type": "opencollective",
          "url": "https://opencollective.com/konva"
        },
        {
          "type": "github",
          "url": "https://github.com/sponsors/lavrton"
        }
      ],
      "license": "MIT",
      "dependencies": {
        "@types/react-reconciler": "^0.32.0",
        "its-fine": "^2.0.0",
        "react-reconciler": "0.32.0",
        "scheduler": "0.26.0"
      },
      "peerDependencies": {
        "konva": "^8.0.1 || ^7.2.5 || ^9.0.0",
        "react": "^18.3.1 || ^19.0.0",
        "react-dom": "^18.3.1 || ^19.0.0"
      }
    },
    "node_modules/react-reconciler": {
      "version": "0.32.0",
      "resolved": "https://registry.npmjs.org/react-reconciler/-/react-reconciler-0.32.0.tgz",
      "integrity": "sha512-2NPMOzgTlG0ZWdIf3qG+dcbLSoAc/uLfOwckc3ofy5sSK0pLJqnQLpUFxvGcN2rlXSjnVtGeeFLNimCQEj5gOQ==",
      "license": "MIT",
      "dependencies": {
        "scheduler": "^0.26.0"
      },
      "engines": {
        "node": ">=0.10.0"
      },
      "peerDependencies": {
        "react": "^19.1.0"
      }
    },
    "node_modules/scheduler": {
      "version": "0.26.0",
      "resolved": "https://registry.npmjs.org/scheduler/-/scheduler-0.26.0.tgz",
      "integrity": "sha512-NlHwttCI/l5gCPR3D1nNXtWABUmBwvZpEQiD4IXSbIDq8BzLIK/7Ir5gTFSGZDUu37K5cMNp0hFtzO38sC7gWA==",
      "license": "MIT"
    }
  }
}
